
Microsoft Visual Studio Solution File, Format Version 12.00
# Visual Studio Version 17
VisualStudioVersion = 17.9.34728.123
MinimumVisualStudioVersion = 10.0.40219.1
Project("{FAE04EC0-301F-11D3-BF4B-00C04F79EFBC}") = "Bloggit.Server", "Bloggit.Server\Bloggit.Server.csproj", "{121A8FA0-8C63-4E2A-AA4F-CF5B94C238D6}"
EndProject
Project("{54A90642-561A-4BB1-A94E-469ADEE60C69}") = "bloggit.client", "bloggit.client\bloggit.client.esproj", "{2D9D493F-A6ED-4ABA-80B4-63811AC8C083}"
EndProject
Global
	GlobalSection(SolutionConfigurationPlatforms) = preSolution
		Debug|Any CPU = Debug|Any CPU
		Release|Any CPU = Release|Any CPU
	EndGlobalSection
	GlobalSection(ProjectConfigurationPlatforms) = postSolution
		{121A8FA0-8C63-4E2A-AA4F-CF5B94C238D6}.Debug|Any CPU.ActiveCfg = Debug|Any CPU
		{121A8FA0-8C63-4E2A-AA4F-CF5B94C238D6}.Debug|Any CPU.Build.0 = Debug|Any CPU
		{121A8FA0-8C63-4E2A-AA4F-CF5B94C238D6}.Release|Any CPU.ActiveCfg = Release|Any CPU
		{121A8FA0-8C63-4E2A-AA4F-CF5B94C238D6}.Release|Any CPU.Build.0 = Release|Any CPU
		{2D9D493F-A6ED-4ABA-80B4-63811AC8C083}.Debug|Any CPU.ActiveCfg = Debug|Any CPU
		{2D9D493F-A6ED-4ABA-80B4-63811AC8C083}.Debug|Any CPU.Build.0 = Debug|Any CPU
		{2D9D493F-A6ED-4ABA-80B4-63811AC8C083}.Debug|Any CPU.Deploy.0 = Debug|Any CPU
		{2D9D493F-A6ED-4ABA-80B4-63811AC8C083}.Release|Any CPU.ActiveCfg = Release|Any CPU
		{2D9D493F-A6ED-4ABA-80B4-63811AC8C083}.Release|Any CPU.Build.0 = Release|Any CPU
		{2D9D493F-A6ED-4ABA-80B4-63811AC8C083}.Release|Any CPU.Deploy.0 = Release|Any CPU
	EndGlobalSection
	GlobalSection(SolutionProperties) = preSolution
		HideSolutionNode = FALSE
	EndGlobalSection
	GlobalSection(ExtensibilityGlobals) = postSolution
		SolutionGuid = {E407736B-1BA1-456F-AE9A-BAA39C390815}
	EndGlobalSection
EndGlobal
